{
  "originHash" : "1f06cf3c639532d286c470e81158af666944da378de62a4c136590c22991b051",
  "pins" : [
    {
      "identity" : "stripe-ios-spm",
      "kind" : "remoteSourceControl",
      "location" : "https://github.com/stripe/stripe-ios-spm",
      "state" : {
        "revision" : "9d491f5076b886b19c6c020f1f06e4cc045ce5c3",
        "version" : "23.27.2"
      }
    }
  ],
  "version" : 3
}
